// !$*UTF8*$!
{
	archiveVersion = 1;
	classes = {
	};
	objectVersion = 56;
	objects = {

/* Begin PBXBuildFile section */
		862AE25C29B42EE40001B6F8 /* main.cpp in Sources */ = {isa = PBXBuildFile; fileRef = 862AE25B29B42EE40001B6F8 /* main.cpp */; };
		86D844A829BC593500F7AC26 /* Light.cpp in Sources */ = {isa = PBXBuildFile; fileRef = 86D844A729BC593500F7AC26 /* Light.cpp */; };
		86EF3CFF29B4951C0025F5B0 /* readfile.cpp in Sources */ = {isa = PBXBuildFile; fileRef = 86EF3CFE29B4951C0025F5B0 /* readfile.cpp */; };
		86EF3D0229B515C10025F5B0 /* Sphere.cpp in Sources */ = {isa = PBXBuildFile; fileRef = 86EF3D0029B515C10025F5B0 /* Sphere.cpp */; };
		86EF3D0B29B53D960025F5B0 /* Camera.cpp in Sources */ = {isa = PBXBuildFile; fileRef = 86EF3D0A29B53D960025F5B0 /* Camera.cpp */; };
		86EF3D0F29B59C950025F5B0 /* Ray.cpp in Sources */ = {isa = PBXBuildFile; fileRef = 86EF3D0E29B59C950025F5B0 /* Ray.cpp */; };
		86EF3D1329B5B74D0025F5B0 /* Triangle.cpp in Sources */ = {isa = PBXBuildFile; fileRef = 86EF3D1229B5B74D0025F5B0 /* Triangle.cpp */; };
/* End PBXBuildFile section */

/* Begin PBXCopyFilesBuildPhase section */
		862AE25629B42EE40001B6F8 /* CopyFiles */ = {
			isa = PBXCopyFilesBuildPhase;
			buildActionMask = 2147483647;
			dstPath = /usr/share/man/man1/;
			dstSubfolderSpec = 0;
			files = (
			);
			runOnlyForDeploymentPostprocessing = 1;
		};
/* End PBXCopyFilesBuildPhase section */

/* Begin PBXFileReference section */
		862AE25829B42EE40001B6F8 /* HW4 */ = {isa = PBXFileReference; explicitFileType = "compiled.mach-o.executable"; includeInIndex = 0; path = HW4; sourceTree = BUILT_PRODUCTS_DIR; };
		862AE25B29B42EE40001B6F8 /* main.cpp */ = {isa = PBXFileReference; lastKnownFileType = sourcecode.cpp.cpp; path = main.cpp; sourceTree = "<group>"; };
		862AE26329B432830001B6F8 /* glm */ = {isa = PBXFileReference; lastKnownFileType = folder; name = glm; path = /Users/gavyne/Desktop/CSE_167/HW4/HW4/glm; sourceTree = "<absolute>"; };
		8639C59529B7F77C00B4FCD7 /* scene1.test */ = {isa = PBXFileReference; fileEncoding = 4; lastKnownFileType = text; path = scene1.test; sourceTree = "<group>"; };
		8639C59629B7F77C00B4FCD7 /* scene2.test */ = {isa = PBXFileReference; fileEncoding = 4; lastKnownFileType = text; path = scene2.test; sourceTree = "<group>"; };
		86D0A51229BBDBA1006AF5D9 /* Light.h */ = {isa = PBXFileReference; lastKnownFileType = sourcecode.c.h; path = Light.h; sourceTree = "<group>"; };
		86D844A729BC593500F7AC26 /* Light.cpp */ = {isa = PBXFileReference; lastKnownFileType = sourcecode.cpp.cpp; path = Light.cpp; sourceTree = "<group>"; };
		86D844A929BC5F7200F7AC26 /* Primitive.h */ = {isa = PBXFileReference; lastKnownFileType = sourcecode.c.h; path = Primitive.h; sourceTree = "<group>"; };
		86EF3CFC29B494190025F5B0 /* readfile.h */ = {isa = PBXFileReference; lastKnownFileType = sourcecode.c.h; path = readfile.h; sourceTree = "<group>"; };
		86EF3CFE29B4951C0025F5B0 /* readfile.cpp */ = {isa = PBXFileReference; lastKnownFileType = sourcecode.cpp.cpp; path = readfile.cpp; sourceTree = "<group>"; };
		86EF3D0029B515C10025F5B0 /* Sphere.cpp */ = {isa = PBXFileReference; lastKnownFileType = sourcecode.cpp.cpp; path = Sphere.cpp; sourceTree = "<group>"; };
		86EF3D0429B5174E0025F5B0 /* Sphere.h */ = {isa = PBXFileReference; lastKnownFileType = sourcecode.c.h; path = Sphere.h; sourceTree = "<group>"; };
		86EF3D0A29B53D960025F5B0 /* Camera.cpp */ = {isa = PBXFileReference; lastKnownFileType = sourcecode.cpp.cpp; path = Camera.cpp; sourceTree = "<group>"; };
		86EF3D0D29B53DC30025F5B0 /* Camera.h */ = {isa = PBXFileReference; lastKnownFileType = sourcecode.c.h; path = Camera.h; sourceTree = "<group>"; };
		86EF3D0E29B59C950025F5B0 /* Ray.cpp */ = {isa = PBXFileReference; lastKnownFileType = sourcecode.cpp.cpp; path = Ray.cpp; sourceTree = "<group>"; };
		86EF3D1029B59D1C0025F5B0 /* Ray.h */ = {isa = PBXFileReference; lastKnownFileType = sourcecode.c.h; path = Ray.h; sourceTree = "<group>"; };
		86EF3D1229B5B74D0025F5B0 /* Triangle.cpp */ = {isa = PBXFileReference; lastKnownFileType = sourcecode.cpp.cpp; path = Triangle.cpp; sourceTree = "<group>"; };
		86EF3D1429B5B7630025F5B0 /* Triangle.h */ = {isa = PBXFileReference; lastKnownFileType = sourcecode.c.h; path = Triangle.h; sourceTree = "<group>"; };
/* End PBXFileReference section */

/* Begin PBXFrameworksBuildPhase section */
		862AE25529B42EE40001B6F8 /* Frameworks */ = {
			isa = PBXFrameworksBuildPhase;
			buildActionMask = 2147483647;
			files = (
			);
			runOnlyForDeploymentPostprocessing = 0;
		};
/* End PBXFrameworksBuildPhase section */

/* Begin PBXGroup section */
		862AE24F29B42EE40001B6F8 = {
			isa = PBXGroup;
			children = (
				862AE25A29B42EE40001B6F8 /* HW4 */,
				862AE25929B42EE40001B6F8 /* Products */,
				862AE26229B42F000001B6F8 /* Frameworks */,
			);
			sourceTree = "<group>";
		};
		862AE25929B42EE40001B6F8 /* Products */ = {
			isa = PBXGroup;
			children = (
				862AE25829B42EE40001B6F8 /* HW4 */,
			);
			name = Products;
			sourceTree = "<group>";
		};
		862AE25A29B42EE40001B6F8 /* HW4 */ = {
			isa = PBXGroup;
			children = (
				8639C59529B7F77C00B4FCD7 /* scene1.test */,
				8639C59629B7F77C00B4FCD7 /* scene2.test */,
				862AE26329B432830001B6F8 /* glm */,
				862AE25B29B42EE40001B6F8 /* main.cpp */,
				86EF3CFC29B494190025F5B0 /* readfile.h */,
				86EF3CFE29B4951C0025F5B0 /* readfile.cpp */,
				86EF3D0029B515C10025F5B0 /* Sphere.cpp */,
				86EF3D0429B5174E0025F5B0 /* Sphere.h */,
				86EF3D0A29B53D960025F5B0 /* Camera.cpp */,
				86EF3D0D29B53DC30025F5B0 /* Camera.h */,
				86EF3D0E29B59C950025F5B0 /* Ray.cpp */,
				86EF3D1029B59D1C0025F5B0 /* Ray.h */,
				86EF3D1229B5B74D0025F5B0 /* Triangle.cpp */,
				86EF3D1429B5B7630025F5B0 /* Triangle.h */,
				86D0A51229BBDBA1006AF5D9 /* Light.h */,
				86D844A729BC593500F7AC26 /* Light.cpp */,
				86D844A929BC5F7200F7AC26 /* Primitive.h */,
			);
			path = HW4;
			sourceTree = "<group>";
		};
		862AE26229B42F000001B6F8 /* Frameworks */ = {
			isa = PBXGroup;
			children = (
			);
			name = Frameworks;
			sourceTree = "<group>";
		};
/* End PBXGroup section */

/* Begin PBXNativeTarget section */
		862AE25729B42EE40001B6F8 /* HW4 */ = {
			isa = PBXNativeTarget;
			buildConfigurationList = 862AE25F29B42EE40001B6F8 /* Build configuration list for PBXNativeTarget "HW4" */;
			buildPhases = (
				862AE25429B42EE40001B6F8 /* Sources */,
				862AE25529B42EE40001B6F8 /* Frameworks */,
				862AE25629B42EE40001B6F8 /* CopyFiles */,
			);
			buildRules = (
			);
			dependencies = (
			);
			name = HW4;
			productName = HW4;
			productReference = 862AE25829B42EE40001B6F8 /* HW4 */;
			productType = "com.apple.product-type.tool";
		};
/* End PBXNativeTarget section */

/* Begin PBXProject section */
		862AE25029B42EE40001B6F8 /* Project object */ = {
			isa = PBXProject;
			attributes = {
				BuildIndependentTargetsInParallel = 1;
				LastUpgradeCheck = 1410;
				TargetAttributes = {
					862AE25729B42EE40001B6F8 = {
						CreatedOnToolsVersion = 14.1;
					};
				};
			};
			buildConfigurationList = 862AE25329B42EE40001B6F8 /* Build configuration list for PBXProject "HW4" */;
			compatibilityVersion = "Xcode 14.0";
			developmentRegion = en;
			hasScannedForEncodings = 0;
			knownRegions = (
				en,
				Base,
			);
			mainGroup = 862AE24F29B42EE40001B6F8;
			productRefGroup = 862AE25929B42EE40001B6F8 /* Products */;
			projectDirPath = "";
			projectRoot = "";
			targets = (
				862AE25729B42EE40001B6F8 /* HW4 */,
			);
		};
/* End PBXProject section */

/* Begin PBXSourcesBuildPhase section */
		862AE25429B42EE40001B6F8 /* Sources */ = {
			isa = PBXSourcesBuildPhase;
			buildActionMask = 2147483647;
			files = (
				86D844A829BC593500F7AC26 /* Light.cpp in Sources */,
				86EF3D0B29B53D960025F5B0 /* Camera.cpp in Sources */,
				86EF3CFF29B4951C0025F5B0 /* readfile.cpp in Sources */,
				86EF3D1329B5B74D0025F5B0 /* Triangle.cpp in Sources */,
				86EF3D0F29B59C950025F5B0 /* Ray.cpp in Sources */,
				86EF3D0229B515C10025F5B0 /* Sphere.cpp in Sources */,
				862AE25C29B42EE40001B6F8 /* main.cpp in Sources */,
			);
			runOnlyForDeploymentPostprocessing = 0;
		};
/* End PBXSourcesBuildPhase section */

/* Begin XCBuildConfiguration section */
		862AE25D29B42EE40001B6F8 /* Debug */ = {
			isa = XCBuildConfiguration;
			buildSettings = {
				ALWAYS_SEARCH_USER_PATHS = NO;
				CLANG_ANALYZER_NONNULL = YES;
				CLANG_ANALYZER_NUMBER_OBJECT_CONVERSION = YES_AGGRESSIVE;
				CLANG_CXX_LANGUAGE_STANDARD = "gnu++20";
				CLANG_ENABLE_MODULES = YES;
				CLANG_ENABLE_OBJC_ARC = YES;
				CLANG_ENABLE_OBJC_WEAK = YES;
				CLANG_WARN_BLOCK_CAPTURE_AUTORELEASING = YES;
				CLANG_WARN_BOOL_CONVERSION = YES;
				CLANG_WARN_COMMA = YES;
				CLANG_WARN_CONSTANT_CONVERSION = YES;
				CLANG_WARN_DEPRECATED_OBJC_IMPLEMENTATIONS = YES;
				CLANG_WARN_DIRECT_OBJC_ISA_USAGE = YES_ERROR;
				CLANG_WARN_DOCUMENTATION_COMMENTS = YES;
				CLANG_WARN_EMPTY_BODY = YES;
				CLANG_WARN_ENUM_CONVERSION = YES;
				CLANG_WARN_INFINITE_RECURSION = YES;
				CLANG_WARN_INT_CONVERSION = YES;
				CLANG_WARN_NON_LITERAL_NULL_CONVERSION = YES;
				CLANG_WARN_OBJC_IMPLICIT_RETAIN_SELF = YES;
				CLANG_WARN_OBJC_LITERAL_CONVERSION = YES;
				CLANG_WARN_OBJC_ROOT_CLASS = YES_ERROR;
				CLANG_WARN_QUOTED_INCLUDE_IN_FRAMEWORK_HEADER = YES;
				CLANG_WARN_RANGE_LOOP_ANALYSIS = YES;
				CLANG_WARN_STRICT_PROTOTYPES = YES;
				CLANG_WARN_SUSPICIOUS_MOVE = YES;
				CLANG_WARN_UNGUARDED_AVAILABILITY = YES_AGGRESSIVE;
				CLANG_WARN_UNREACHABLE_CODE = YES;
				CLANG_WARN__DUPLICATE_METHOD_MATCH = YES;
				COPY_PHASE_STRIP = NO;
				DEBUG_INFORMATION_FORMAT = dwarf;
				ENABLE_STRICT_OBJC_MSGSEND = YES;
				ENABLE_TESTABILITY = YES;
				GCC_C_LANGUAGE_STANDARD = gnu11;
				GCC_DYNAMIC_NO_PIC = NO;
				GCC_NO_COMMON_BLOCKS = YES;
				GCC_OPTIMIZATION_LEVEL = 0;
				GCC_PREPROCESSOR_DEFINITIONS = (
					"DEBUG=1",
					"$(inherited)",
				);
				GCC_WARN_64_TO_32_BIT_CONVERSION = YES;
				GCC_WARN_ABOUT_RETURN_TYPE = YES_ERROR;
				GCC_WARN_UNDECLARED_SELECTOR = YES;
				GCC_WARN_UNINITIALIZED_AUTOS = YES_AGGRESSIVE;
				GCC_WARN_UNUSED_FUNCTION = YES;
				GCC_WARN_UNUSED_VARIABLE = YES;
				MACOSX_DEPLOYMENT_TARGET = 13.0;
				MTL_ENABLE_DEBUG_INFO = INCLUDE_SOURCE;
				MTL_FAST_MATH = YES;
				ONLY_ACTIVE_ARCH = YES;
				SDKROOT = macosx;
			};
			name = Debug;
		};
		862AE25E29B42EE40001B6F8 /* Release */ = {
			isa = XCBuildConfiguration;
			buildSettings = {
				ALWAYS_SEARCH_USER_PATHS = NO;
				CLANG_ANALYZER_NONNULL = YES;
				CLANG_ANALYZER_NUMBER_OBJECT_CONVERSION = YES_AGGRESSIVE;
				CLANG_CXX_LANGUAGE_STANDARD = "gnu++20";
				CLANG_ENABLE_MODULES = YES;
				CLANG_ENABLE_OBJC_ARC = YES;
				CLANG_ENABLE_OBJC_WEAK = YES;
				CLANG_WARN_BLOCK_CAPTURE_AUTORELEASING = YES;
				CLANG_WARN_BOOL_CONVERSION = YES;
				CLANG_WARN_COMMA = YES;
				CLANG_WARN_CONSTANT_CONVERSION = YES;
				CLANG_WARN_DEPRECATED_OBJC_IMPLEMENTATIONS = YES;
				CLANG_WARN_DIRECT_OBJC_ISA_USAGE = YES_ERROR;
				CLANG_WARN_DOCUMENTATION_COMMENTS = YES;
				CLANG_WARN_EMPTY_BODY = YES;
				CLANG_WARN_ENUM_CONVERSION = YES;
				CLANG_WARN_INFINITE_RECURSION = YES;
				CLANG_WARN_INT_CONVERSION = YES;
				CLANG_WARN_NON_LITERAL_NULL_CONVERSION = YES;
				CLANG_WARN_OBJC_IMPLICIT_RETAIN_SELF = YES;
				CLANG_WARN_OBJC_LITERAL_CONVERSION = YES;
				CLANG_WARN_OBJC_ROOT_CLASS = YES_ERROR;
				CLANG_WARN_QUOTED_INCLUDE_IN_FRAMEWORK_HEADER = YES;
				CLANG_WARN_RANGE_LOOP_ANALYSIS = YES;
				CLANG_WARN_STRICT_PROTOTYPES = YES;
				CLANG_WARN_SUSPICIOUS_MOVE = YES;
				CLANG_WARN_UNGUARDED_AVAILABILITY = YES_AGGRESSIVE;
				CLANG_WARN_UNREACHABLE_CODE = YES;
				CLANG_WARN__DUPLICATE_METHOD_MATCH = YES;
				COPY_PHASE_STRIP = NO;
				DEBUG_INFORMATION_FORMAT = "dwarf-with-dsym";
				ENABLE_NS_ASSERTIONS = NO;
				ENABLE_STRICT_OBJC_MSGSEND = YES;
				GCC_C_LANGUAGE_STANDARD = gnu11;
				GCC_NO_COMMON_BLOCKS = YES;
				GCC_WARN_64_TO_32_BIT_CONVERSION = YES;
				GCC_WARN_ABOUT_RETURN_TYPE = YES_ERROR;
				GCC_WARN_UNDECLARED_SELECTOR = YES;
				GCC_WARN_UNINITIALIZED_AUTOS = YES_AGGRESSIVE;
				GCC_WARN_UNUSED_FUNCTION = YES;
				GCC_WARN_UNUSED_VARIABLE = YES;
				MACOSX_DEPLOYMENT_TARGET = 13.0;
				MTL_ENABLE_DEBUG_INFO = NO;
				MTL_FAST_MATH = YES;
				SDKROOT = macosx;
			};
			name = Release;
		};
		862AE26029B42EE40001B6F8 /* Debug */ = {
			isa = XCBuildConfiguration;
			buildSettings = {
				CODE_SIGN_STYLE = Automatic;
				PRODUCT_NAME = "$(TARGET_NAME)";
			};
			name = Debug;
		};
		862AE26129B42EE40001B6F8 /* Release */ = {
			isa = XCBuildConfiguration;
			buildSettings = {
				CODE_SIGN_STYLE = Automatic;
				PRODUCT_NAME = "$(TARGET_NAME)";
			};
			name = Release;
		};
/* End XCBuildConfiguration section */

/* Begin XCConfigurationList section */
		862AE25329B42EE40001B6F8 /* Build configuration list for PBXProject "HW4" */ = {
			isa = XCConfigurationList;
			buildConfigurations = (
				862AE25D29B42EE40001B6F8 /* Debug */,
				862AE25E29B42EE40001B6F8 /* Release */,
			);
			defaultConfigurationIsVisible = 0;
			defaultConfigurationName = Release;
		};
		862AE25F29B42EE40001B6F8 /* Build configuration list for PBXNativeTarget "HW4" */ = {
			isa = XCConfigurationList;
			buildConfigurations = (
				862AE26029B42EE40001B6F8 /* Debug */,
				862AE26129B42EE40001B6F8 /* Release */,
			);
			defaultConfigurationIsVisible = 0;
			defaultConfigurationName = Release;
		};
/* End XCConfigurationList section */
	};
	rootObject = 862AE25029B42EE40001B6F8 /* Project object */;
}
